
Microsoft Visual Studio Solution File, Format Version 12.00
# Visual Studio Version 17
VisualStudioVersion = 17.2.32630.192
MinimumVisualStudioVersion = 10.0.40219.1
Project("{FAE04EC0-301F-11D3-BF4B-00C04F79EFBC}") = "Pruner", "Pruner.csproj", "{C226D944-1F0E-4F1C-B245-4E40A1421806}"
EndProject
Global
	GlobalSection(SolutionConfigurationPlatforms) = preSolution
		Debug|Any CPU = Debug|Any CPU
		Release|Any CPU = Release|Any CPU
	EndGlobalSection
	GlobalSection(ProjectConfigurationPlatforms) = postSolution
		{C226D944-1F0E-4F1C-B245-4E40A1421806}.Debug|Any CPU.ActiveCfg = Debug|Any CPU
		{C226D944-1F0E-4F1C-B245-4E40A1421806}.Debug|Any CPU.Build.0 = Debug|Any CPU
		{C226D944-1F0E-4F1C-B245-4E40A1421806}.Release|Any CPU.ActiveCfg = Release|Any CPU
		{C226D944-1F0E-4F1C-B245-4E40A1421806}.Release|Any CPU.Build.0 = Release|Any CPU
	EndGlobalSection
	GlobalSection(SolutionProperties) = preSolution
		HideSolutionNode = FALSE
	EndGlobalSection
	GlobalSection(ExtensibilityGlobals) = postSolution
		SolutionGuid = {77ABBFF3-E808-47C8-85B8-BAF117261B15}
	EndGlobalSection
EndGlobal
